github.com/google/uuid v1.6.0 h1:NIvaJDMOsjHA8n1jAhLSgzrAzy1Hgr+hNrb57e+94F0=
github.com/google/uuid v1.6.0/go.mod h1:TIyPZe4MgqvfeYDBFedMoGGpEw/LqOeaOT+nhxU+yHo=
github.com/willibrandon/mtlog v0.10.0 h1:pOF3tWz8wDnjioiJ72AdwMO7thXqB4ahCvr4hLqxQL8=
github.com/willibrandon/mtlog v0.10.0/go.mod h1:lgCcScZ+nYWeeSNw+lxYk7paleph8S45lJ24LvdGXS0=
