Microsoft Visual Studio Solution File, Format Version 12.00
# Visual Studio Version 17
VisualStudioVersion = 17.5.2.0
MinimumVisualStudioVersion = 10.0.40219.1
Project("{2150E333-8FDC-42A3-9474-1A3956D46DE8}") = "tests", "tests", "{0AB3BF05-4346-4AA6-1389-037BE0695223}"
EndProject
Project("{2150E333-8FDC-42A3-9474-1A3956D46DE8}") = "nuget-client-interop", "nuget-client-interop", "{91E5D5CE-ABDE-5F7C-2874-0C654EBB23C5}"
EndProject
Project("{FAE04EC0-301F-11D3-BF4B-00C04F79EFBC}") = "GonugetInterop.Tests", "tests\nuget-client-interop\GonugetInterop.Tests\GonugetInterop.Tests.csproj", "{8FBE4B6D-29ED-3362-BD88-88C12D607119}"
EndProject
Global
	GlobalSection(SolutionConfigurationPlatforms) = preSolution
		Debug|Any CPU = Debug|Any CPU
		Release|Any CPU = Release|Any CPU
	EndGlobalSection
	GlobalSection(ProjectConfigurationPlatforms) = postSolution
		{8FBE4B6D-29ED-3362-BD88-88C12D607119}.Debug|Any CPU.ActiveCfg = Debug|Any CPU
		{8FBE4B6D-29ED-3362-BD88-88C12D607119}.Debug|Any CPU.Build.0 = Debug|Any CPU
		{8FBE4B6D-29ED-3362-BD88-88C12D607119}.Release|Any CPU.ActiveCfg = Release|Any CPU
		{8FBE4B6D-29ED-3362-BD88-88C12D607119}.Release|Any CPU.Build.0 = Release|Any CPU
	EndGlobalSection
	GlobalSection(SolutionProperties) = preSolution
		HideSolutionNode = FALSE
	EndGlobalSection
	GlobalSection(NestedProjects) = preSolution
		{91E5D5CE-ABDE-5F7C-2874-0C654EBB23C5} = {0AB3BF05-4346-4AA6-1389-037BE0695223}
		{8FBE4B6D-29ED-3362-BD88-88C12D607119} = {91E5D5CE-ABDE-5F7C-2874-0C654EBB23C5}
	EndGlobalSection
	GlobalSection(ExtensibilityGlobals) = postSolution
		SolutionGuid = {183FDA61-FCA8-4037-9833-39F76F4278B6}
	EndGlobalSection
EndGlobal
